// !$*UTF8*$!
{
	archiveVersion = 1;
	classes = {
	};
	objectVersion = 50;
	objects = {

/* Begin PBXBuildFile section */
		6E1F6FB324563674002F0DFA /* AppDelegate.swift in Sources */ = {isa = PBXBuildFile; fileRef = 6E1F6FB224563674002F0DFA /* AppDelegate.swift */; };
		6E1F6FB524563674002F0DFA /* SceneDelegate.swift in Sources */ = {isa = PBXBuildFile; fileRef = 6E1F6FB424563674002F0DFA /* SceneDelegate.swift */; };
		6E1F6FB724563674002F0DFA /* ViewController.swift in Sources */ = {isa = PBXBuildFile; fileRef = 6E1F6FB624563674002F0DFA /* ViewController.swift */; };
		6E1F6FBA24563675002F0DFA /* Main.storyboard in Resources */ = {isa = PBXBuildFile; fileRef = 6E1F6FB824563675002F0DFA /* Main.storyboard */; };
		6E1F6FBC24563676002F0DFA /* Assets.xcassets in Resources */ = {isa = PBXBuildFile; fileRef = 6E1F6FBB24563676002F0DFA /* Assets.xcassets */; };
		6E1F6FBF24563676002F0DFA /* LaunchScreen.storyboard in Resources */ = {isa = PBXBuildFile; fileRef = 6E1F6FBD24563676002F0DFA /* LaunchScreen.storyboard */; };
		6E1F6FCA24563676002F0DFA /* MathGameTests.swift in Sources */ = {isa = PBXBuildFile; fileRef = 6E1F6FC924563676002F0DFA /* MathGameTests.swift */; };
		6E1F6FD524563691002F0DFA /* MathQuestion.swift in Sources */ = {isa = PBXBuildFile; fileRef = 6E1F6FD424563691002F0DFA /* MathQuestion.swift */; };
		6E1F6FD7245638A2002F0DFA /* AdditionQuestion.swift in Sources */ = {isa = PBXBuildFile; fileRef = 6E1F6FD6245638A2002F0DFA /* AdditionQuestion.swift */; };
		DE8A3C4424580223004D7B51 /* MultiplicationQuestions.swift in Sources */ = {isa = PBXBuildFile; fileRef = DE8A3C4324580223004D7B51 /* MultiplicationQuestions.swift */; };
/* End PBXBuildFile section */

/* Begin PBXContainerItemProxy section */
		6E1F6FC624563676002F0DFA /* PBXContainerItemProxy */ = {
			isa = PBXContainerItemProxy;
			containerPortal = 6E1F6FA724563674002F0DFA /* Project object */;
			proxyType = 1;
			remoteGlobalIDString = 6E1F6FAE24563674002F0DFA;
			remoteInfo = MathGame;
		};
/* End PBXContainerItemProxy section */

/* Begin PBXFileReference section */
		6E1F6FAF24563674002F0DFA /* MathGame.app */ = {isa = PBXFileReference; explicitFileType = wrapper.application; includeInIndex = 0; path = MathGame.app; sourceTree = BUILT_PRODUCTS_DIR; };
		6E1F6FB224563674002F0DFA /* AppDelegate.swift */ = {isa = PBXFileReference; lastKnownFileType = sourcecode.swift; path = AppDelegate.swift; sourceTree = "<group>"; };
		6E1F6FB424563674002F0DFA /* SceneDelegate.swift */ = {isa = PBXFileReference; lastKnownFileType = sourcecode.swift; path = SceneDelegate.swift; sourceTree = "<group>"; };
		6E1F6FB624563674002F0DFA /* ViewController.swift */ = {isa = PBXFileReference; lastKnownFileType = sourcecode.swift; path = ViewController.swift; sourceTree = "<group>"; };
		6E1F6FB924563675002F0DFA /* Base */ = {isa = PBXFileReference; lastKnownFileType = file.storyboard; name = Base; path = Base.lproj/Main.storyboard; sourceTree = "<group>"; };
		6E1F6FBB24563676002F0DFA /* Assets.xcassets */ = {isa = PBXFileReference; lastKnownFileType = folder.assetcatalog; path = Assets.xcassets; sourceTree = "<group>"; };
		6E1F6FBE24563676002F0DFA /* Base */ = {isa = PBXFileReference; lastKnownFileType = file.storyboard; name = Base; path = Base.lproj/LaunchScreen.storyboard; sourceTree = "<group>"; };
		6E1F6FC024563676002F0DFA /* Info.plist */ = {isa = PBXFileReference; lastKnownFileType = text.plist.xml; path = Info.plist; sourceTree = "<group>"; };
		6E1F6FC524563676002F0DFA /* MathGameTests.xctest */ = {isa = PBXFileReference; explicitFileType = wrapper.cfbundle; includeInIndex = 0; path = MathGameTests.xctest; sourceTree = BUILT_PRODUCTS_DIR; };
		6E1F6FC924563676002F0DFA /* MathGameTests.swift */ = {isa = PBXFileReference; lastKnownFileType = sourcecode.swift; path = MathGameTests.swift; sourceTree = "<group>"; };
		6E1F6FCB24563676002F0DFA /* Info.plist */ = {isa = PBXFileReference; lastKnownFileType = text.plist.xml; path = Info.plist; sourceTree = "<group>"; };
		6E1F6FD424563691002F0DFA /* MathQuestion.swift */ = {isa = PBXFileReference; lastKnownFileType = sourcecode.swift; path = MathQuestion.swift; sourceTree = "<group>"; };
		6E1F6FD6245638A2002F0DFA /* AdditionQuestion.swift */ = {isa = PBXFileReference; lastKnownFileType = sourcecode.swift; path = AdditionQuestion.swift; sourceTree = "<group>"; };
		DE8A3C4324580223004D7B51 /* MultiplicationQuestions.swift */ = {isa = PBXFileReference; lastKnownFileType = sourcecode.swift; path = MultiplicationQuestions.swift; sourceTree = "<group>"; };
/* End PBXFileReference section */

/* Begin PBXFrameworksBuildPhase section */
		6E1F6FAC24563674002F0DFA /* Frameworks */ = {
			isa = PBXFrameworksBuildPhase;
			buildActionMask = 2147483647;
			files = (
			);
			runOnlyForDeploymentPostprocessing = 0;
		};
		6E1F6FC224563676002F0DFA /* Frameworks */ = {
			isa = PBXFrameworksBuildPhase;
			buildActionMask = 2147483647;
			files = (
			);
			runOnlyForDeploymentPostprocessing = 0;
		};
/* End PBXFrameworksBuildPhase section */

/* Begin PBXGroup section */
		6E1F6FA624563674002F0DFA = {
			isa = PBXGroup;
			children = (
				6E1F6FB124563674002F0DFA /* MathGame */,
				6E1F6FC824563676002F0DFA /* MathGameTests */,
				6E1F6FB024563674002F0DFA /* Products */,
			);
			sourceTree = "<group>";
		};
		6E1F6FB024563674002F0DFA /* Products */ = {
			isa = PBXGroup;
			children = (
				6E1F6FAF24563674002F0DFA /* MathGame.app */,
				6E1F6FC524563676002F0DFA /* MathGameTests.xctest */,
			);
			name = Products;
			sourceTree = "<group>";
		};
		6E1F6FB124563674002F0DFA /* MathGame */ = {
			isa = PBXGroup;
			children = (
				6E1F6FB224563674002F0DFA /* AppDelegate.swift */,
				6E1F6FB424563674002F0DFA /* SceneDelegate.swift */,
				6E1F6FB624563674002F0DFA /* ViewController.swift */,
				6E1F6FD6245638A2002F0DFA /* AdditionQuestion.swift */,
				DE8A3C4324580223004D7B51 /* MultiplicationQuestions.swift */,
				6E1F6FD424563691002F0DFA /* MathQuestion.swift */,
				6E1F6FB824563675002F0DFA /* Main.storyboard */,
				6E1F6FBB24563676002F0DFA /* Assets.xcassets */,
				6E1F6FBD24563676002F0DFA /* LaunchScreen.storyboard */,
				6E1F6FC024563676002F0DFA /* Info.plist */,
			);
			path = MathGame;
			sourceTree = "<group>";
		};
		6E1F6FC824563676002F0DFA /* MathGameTests */ = {
			isa = PBXGroup;
			children = (
				6E1F6FC924563676002F0DFA /* MathGameTests.swift */,
				6E1F6FCB24563676002F0DFA /* Info.plist */,
			);
			path = MathGameTests;
			sourceTree = "<group>";
		};
/* End PBXGroup section */

/* Begin PBXNativeTarget section */
		6E1F6FAE24563674002F0DFA /* MathGame */ = {
			isa = PBXNativeTarget;
			buildConfigurationList = 6E1F6FCE24563676002F0DFA /* Build configuration list for PBXNativeTarget "MathGame" */;
			buildPhases = (
				6E1F6FAB24563674002F0DFA /* Sources */,
				6E1F6FAC24563674002F0DFA /* Frameworks */,
				6E1F6FAD24563674002F0DFA /* Resources */,
			);
			buildRules = (
			);
			dependencies = (
			);
			name = MathGame;
			productName = MathGame;
			productReference = 6E1F6FAF24563674002F0DFA /* MathGame.app */;
			productType = "com.apple.product-type.application";
		};
		6E1F6FC424563676002F0DFA /* MathGameTests */ = {
			isa = PBXNativeTarget;
			buildConfigurationList = 6E1F6FD124563676002F0DFA /* Build configuration list for PBXNativeTarget "MathGameTests" */;
			buildPhases = (
				6E1F6FC124563676002F0DFA /* Sources */,
				6E1F6FC224563676002F0DFA /* Frameworks */,
				6E1F6FC324563676002F0DFA /* Resources */,
			);
			buildRules = (
			);
			dependencies = (
				6E1F6FC724563676002F0DFA /* PBXTargetDependency */,
			);
			name = MathGameTests;
			productName = MathGameTests;
			productReference = 6E1F6FC524563676002F0DFA /* MathGameTests.xctest */;
			productType = "com.apple.product-type.bundle.unit-test";
		};
/* End PBXNativeTarget section */

/* Begin PBXProject section */
		6E1F6FA724563674002F0DFA /* Project object */ = {
			isa = PBXProject;
			attributes = {
				LastSwiftUpdateCheck = 1140;
				LastUpgradeCheck = 1140;
				ORGANIZATIONNAME = "Sam Meech-Ward";
				TargetAttributes = {
					6E1F6FAE24563674002F0DFA = {
						CreatedOnToolsVersion = 11.4.1;
					};
					6E1F6FC424563676002F0DFA = {
						CreatedOnToolsVersion = 11.4.1;
						TestTargetID = 6E1F6FAE24563674002F0DFA;
					};
				};
			};
			buildConfigurationList = 6E1F6FAA24563674002F0DFA /* Build configuration list for PBXProject "MathGame" */;
			compatibilityVersion = "Xcode 9.3";
			developmentRegion = en;
			hasScannedForEncodings = 0;
			knownRegions = (
				en,
				Base,
			);
			mainGroup = 6E1F6FA624563674002F0DFA;
			productRefGroup = 6E1F6FB024563674002F0DFA /* Products */;
			projectDirPath = "";
			projectRoot = "";
			targets = (
				6E1F6FAE24563674002F0DFA /* MathGame */,
				6E1F6FC424563676002F0DFA /* MathGameTests */,
			);
		};
/* End PBXProject section */

/* Begin PBXResourcesBuildPhase section */
		6E1F6FAD24563674002F0DFA /* Resources */ = {
			isa = PBXResourcesBuildPhase;
			buildActionMask = 2147483647;
			files = (
				6E1F6FBF24563676002F0DFA /* LaunchScreen.storyboard in Resources */,
				6E1F6FBC24563676002F0DFA /* Assets.xcassets in Resources */,
				6E1F6FBA24563675002F0DFA /* Main.storyboard in Resources */,
			);
			runOnlyForDeploymentPostprocessing = 0;
		};
		6E1F6FC324563676002F0DFA /* Resources */ = {
			isa = PBXResourcesBuildPhase;
			buildActionMask = 2147483647;
			files = (
			);
			runOnlyForDeploymentPostprocessing = 0;
		};
/* End PBXResourcesBuildPhase section */

/* Begin PBXSourcesBuildPhase section */
		6E1F6FAB24563674002F0DFA /* Sources */ = {
			isa = PBXSourcesBuildPhase;
			buildActionMask = 2147483647;
			files = (
				6E1F6FB724563674002F0DFA /* ViewController.swift in Sources */,
				6E1F6FD7245638A2002F0DFA /* AdditionQuestion.swift in Sources */,
				6E1F6FD524563691002F0DFA /* MathQuestion.swift in Sources */,
				DE8A3C4424580223004D7B51 /* MultiplicationQuestions.swift in Sources */,
				6E1F6FB324563674002F0DFA /* AppDelegate.swift in Sources */,
				6E1F6FB524563674002F0DFA /* SceneDelegate.swift in Sources */,
			);
			runOnlyForDeploymentPostprocessing = 0;
		};
		6E1F6FC124563676002F0DFA /* Sources */ = {
			isa = PBXSourcesBuildPhase;
			buildActionMask = 2147483647;
			files = (
				6E1F6FCA24563676002F0DFA /* MathGameTests.swift in Sources */,
			);
			runOnlyForDeploymentPostprocessing = 0;
		};
/* End PBXSourcesBuildPhase section */

/* Begin PBXTargetDependency section */
		6E1F6FC724563676002F0DFA /* PBXTargetDependency */ = {
			isa = PBXTargetDependency;
			target = 6E1F6FAE24563674002F0DFA /* MathGame */;
			targetProxy = 6E1F6FC624563676002F0DFA /* PBXContainerItemProxy */;
		};
/* End PBXTargetDependency section */

/* Begin PBXVariantGroup section */
		6E1F6FB824563675002F0DFA /* Main.storyboard */ = {
			isa = PBXVariantGroup;
			children = (
				6E1F6FB924563675002F0DFA /* Base */,
			);
			name = Main.storyboard;
			sourceTree = "<group>";
		};
		6E1F6FBD24563676002F0DFA /* LaunchScreen.storyboard */ = {
			isa = PBXVariantGroup;
			children = (
				6E1F6FBE24563676002F0DFA /* Base */,
			);
			name = LaunchScreen.storyboard;
			sourceTree = "<group>";
		};
/* End PBXVariantGroup section */

/* Begin XCBuildConfiguration section */
		6E1F6FCC24563676002F0DFA /* Debug */ = {
			isa = XCBuildConfiguration;
			buildSettings = {
				ALWAYS_SEARCH_USER_PATHS = NO;
				CLANG_ANALYZER_NONNULL = YES;
				CLANG_ANALYZER_NUMBER_OBJECT_CONVERSION = YES_AGGRESSIVE;
				CLANG_CXX_LANGUAGE_STANDARD = "gnu++14";
				CLANG_CXX_LIBRARY = "libc++";
				CLANG_ENABLE_MODULES = YES;
				CLANG_ENABLE_OBJC_ARC = YES;
				CLANG_ENABLE_OBJC_WEAK = YES;
				CLANG_WARN_BLOCK_CAPTURE_AUTORELEASING = YES;
				CLANG_WARN_BOOL_CONVERSION = YES;
				CLANG_WARN_COMMA = YES;
				CLANG_WARN_CONSTANT_CONVERSION = YES;
				CLANG_WARN_DEPRECATED_OBJC_IMPLEMENTATIONS = YES;
				CLANG_WARN_DIRECT_OBJC_ISA_USAGE = YES_ERROR;
				CLANG_WARN_DOCUMENTATION_COMMENTS = YES;
				CLANG_WARN_EMPTY_BODY = YES;
				CLANG_WARN_ENUM_CONVERSION = YES;
				CLANG_WARN_INFINITE_RECURSION = YES;
				CLANG_WARN_INT_CONVERSION = YES;
				CLANG_WARN_NON_LITERAL_NULL_CONVERSION = YES;
				CLANG_WARN_OBJC_IMPLICIT_RETAIN_SELF = YES;
				CLANG_WARN_OBJC_LITERAL_CONVERSION = YES;
				CLANG_WARN_OBJC_ROOT_CLASS = YES_ERROR;
				CLANG_WARN_RANGE_LOOP_ANALYSIS = YES;
				CLANG_WARN_STRICT_PROTOTYPES = YES;
				CLANG_WARN_SUSPICIOUS_MOVE = YES;
				CLANG_WARN_UNGUARDED_AVAILABILITY = YES_AGGRESSIVE;
				CLANG_WARN_UNREACHABLE_CODE = YES;
				CLANG_WARN__DUPLICATE_METHOD_MATCH = YES;
				COPY_PHASE_STRIP = NO;
				DEBUG_INFORMATION_FORMAT = dwarf;
				ENABLE_STRICT_OBJC_MSGSEND = YES;
				ENABLE_TESTABILITY = YES;
				GCC_C_LANGUAGE_STANDARD = gnu11;
				GCC_DYNAMIC_NO_PIC = NO;
				GCC_NO_COMMON_BLOCKS = YES;
				GCC_OPTIMIZATION_LEVEL = 0;
				GCC_PREPROCESSOR_DEFINITIONS = (
					"DEBUG=1",
					"$(inherited)",
				);
				GCC_WARN_64_TO_32_BIT_CONVERSION = YES;
				GCC_WARN_ABOUT_RETURN_TYPE = YES_ERROR;
				GCC_WARN_UNDECLARED_SELECTOR = YES;
				GCC_WARN_UNINITIALIZED_AUTOS = YES_AGGRESSIVE;
				GCC_WARN_UNUSED_FUNCTION = YES;
				GCC_WARN_UNUSED_VARIABLE = YES;
				IPHONEOS_DEPLOYMENT_TARGET = 13.4;
				MTL_ENABLE_DEBUG_INFO = INCLUDE_SOURCE;
				MTL_FAST_MATH = YES;
				ONLY_ACTIVE_ARCH = YES;
				SDKROOT = iphoneos;
				SWIFT_ACTIVE_COMPILATION_CONDITIONS = DEBUG;
				SWIFT_OPTIMIZATION_LEVEL = "-Onone";
			};
			name = Debug;
		};
		6E1F6FCD24563676002F0DFA /* Release */ = {
			isa = XCBuildConfiguration;
			buildSettings = {
				ALWAYS_SEARCH_USER_PATHS = NO;
				CLANG_ANALYZER_NONNULL = YES;
				CLANG_ANALYZER_NUMBER_OBJECT_CONVERSION = YES_AGGRESSIVE;
				CLANG_CXX_LANGUAGE_STANDARD = "gnu++14";
				CLANG_CXX_LIBRARY = "libc++";
				CLANG_ENABLE_MODULES = YES;
				CLANG_ENABLE_OBJC_ARC = YES;
				CLANG_ENABLE_OBJC_WEAK = YES;
				CLANG_WARN_BLOCK_CAPTURE_AUTORELEASING = YES;
				CLANG_WARN_BOOL_CONVERSION = YES;
				CLANG_WARN_COMMA = YES;
				CLANG_WARN_CONSTANT_CONVERSION = YES;
				CLANG_WARN_DEPRECATED_OBJC_IMPLEMENTATIONS = YES;
				CLANG_WARN_DIRECT_OBJC_ISA_USAGE = YES_ERROR;
				CLANG_WARN_DOCUMENTATION_COMMENTS = YES;
				CLANG_WARN_EMPTY_BODY = YES;
				CLANG_WARN_ENUM_CONVERSION = YES;
				CLANG_WARN_INFINITE_RECURSION = YES;
				CLANG_WARN_INT_CONVERSION = YES;
				CLANG_WARN_NON_LITERAL_NULL_CONVERSION = YES;
				CLANG_WARN_OBJC_IMPLICIT_RETAIN_SELF = YES;
				CLANG_WARN_OBJC_LITERAL_CONVERSION = YES;
				CLANG_WARN_OBJC_ROOT_CLASS = YES_ERROR;
				CLANG_WARN_RANGE_LOOP_ANALYSIS = YES;
				CLANG_WARN_STRICT_PROTOTYPES = YES;
				CLANG_WARN_SUSPICIOUS_MOVE = YES;
				CLANG_WARN_UNGUARDED_AVAILABILITY = YES_AGGRESSIVE;
				CLANG_WARN_UNREACHABLE_CODE = YES;
				CLANG_WARN__DUPLICATE_METHOD_MATCH = YES;
				COPY_PHASE_STRIP = NO;
				DEBUG_INFORMATION_FORMAT = "dwarf-with-dsym";
				ENABLE_NS_ASSERTIONS = NO;
				ENABLE_STRICT_OBJC_MSGSEND = YES;
				GCC_C_LANGUAGE_STANDARD = gnu11;
				GCC_NO_COMMON_BLOCKS = YES;
				GCC_WARN_64_TO_32_BIT_CONVERSION = YES;
				GCC_WARN_ABOUT_RETURN_TYPE = YES_ERROR;
				GCC_WARN_UNDECLARED_SELECTOR = YES;
				GCC_WARN_UNINITIALIZED_AUTOS = YES_AGGRESSIVE;
				GCC_WARN_UNUSED_FUNCTION = YES;
				GCC_WARN_UNUSED_VARIABLE = YES;
				IPHONEOS_DEPLOYMENT_TARGET = 13.4;
				MTL_ENABLE_DEBUG_INFO = NO;
				MTL_FAST_MATH = YES;
				SDKROOT = iphoneos;
				SWIFT_COMPILATION_MODE = wholemodule;
				SWIFT_OPTIMIZATION_LEVEL = "-O";
				VALIDATE_PRODUCT = YES;
			};
			name = Release;
		};
		6E1F6FCF24563676002F0DFA /* Debug */ = {
			isa = XCBuildConfiguration;
			buildSettings = {
				ASSETCATALOG_COMPILER_APPICON_NAME = AppIcon;
				CODE_SIGN_STYLE = Automatic;
				INFOPLIST_FILE = MathGame/Info.plist;
				IPHONEOS_DEPLOYMENT_TARGET = 13.2;
				LD_RUNPATH_SEARCH_PATHS = (
					"$(inherited)",
					"@executable_path/Frameworks",
				);
				PRODUCT_BUNDLE_IDENTIFIER = "com.meech-ward.MathGame";
				PRODUCT_NAME = "$(TARGET_NAME)";
				SWIFT_VERSION = 5.0;
				TARGETED_DEVICE_FAMILY = "1,2";
			};
			name = Debug;
		};
		6E1F6FD024563676002F0DFA /* Release */ = {
			isa = XCBuildConfiguration;
			buildSettings = {
				ASSETCATALOG_COMPILER_APPICON_NAME = AppIcon;
				CODE_SIGN_STYLE = Automatic;
				INFOPLIST_FILE = MathGame/Info.plist;
				IPHONEOS_DEPLOYMENT_TARGET = 13.2;
				LD_RUNPATH_SEARCH_PATHS = (
					"$(inherited)",
					"@executable_path/Frameworks",
				);
				PRODUCT_BUNDLE_IDENTIFIER = "com.meech-ward.MathGame";
				PRODUCT_NAME = "$(TARGET_NAME)";
				SWIFT_VERSION = 5.0;
				TARGETED_DEVICE_FAMILY = "1,2";
			};
			name = Release;
		};
		6E1F6FD224563676002F0DFA /* Debug */ = {
			isa = XCBuildConfiguration;
			buildSettings = {
				ALWAYS_EMBED_SWIFT_STANDARD_LIBRARIES = YES;
				BUNDLE_LOADER = "$(TEST_HOST)";
				CODE_SIGN_STYLE = Automatic;
				INFOPLIST_FILE = MathGameTests/Info.plist;
				IPHONEOS_DEPLOYMENT_TARGET = 13.2;
				LD_RUNPATH_SEARCH_PATHS = (
					"$(inherited)",
					"@executable_path/Frameworks",
					"@loader_path/Frameworks",
				);
				PRODUCT_BUNDLE_IDENTIFIER = "com.meech-ward.MathGameTests";
				PRODUCT_NAME = "$(TARGET_NAME)";
				SWIFT_VERSION = 5.0;
				TARGETED_DEVICE_FAMILY = "1,2";
				TEST_HOST = "$(BUILT_PRODUCTS_DIR)/MathGame.app/MathGame";
			};
			name = Debug;
		};
		6E1F6FD324563676002F0DFA /* Release */ = {
			isa = XCBuildConfiguration;
			buildSettings = {
				ALWAYS_EMBED_SWIFT_STANDARD_LIBRARIES = YES;
				BUNDLE_LOADER = "$(TEST_HOST)";
				CODE_SIGN_STYLE = Automatic;
				INFOPLIST_FILE = MathGameTests/Info.plist;
				IPHONEOS_DEPLOYMENT_TARGET = 13.2;
				LD_RUNPATH_SEARCH_PATHS = (
					"$(inherited)",
					"@executable_path/Frameworks",
					"@loader_path/Frameworks",
				);
				PRODUCT_BUNDLE_IDENTIFIER = "com.meech-ward.MathGameTests";
				PRODUCT_NAME = "$(TARGET_NAME)";
				SWIFT_VERSION = 5.0;
				TARGETED_DEVICE_FAMILY = "1,2";
				TEST_HOST = "$(BUILT_PRODUCTS_DIR)/MathGame.app/MathGame";
			};
			name = Release;
		};
/* End XCBuildConfiguration section */

/* Begin XCConfigurationList section */
		6E1F6FAA24563674002F0DFA /* Build configuration list for PBXProject "MathGame" */ = {
			isa = XCConfigurationList;
			buildConfigurations = (
				6E1F6FCC24563676002F0DFA /* Debug */,
				6E1F6FCD24563676002F0DFA /* Release */,
			);
			defaultConfigurationIsVisible = 0;
			defaultConfigurationName = Release;
		};
		6E1F6FCE24563676002F0DFA /* Build configuration list for PBXNativeTarget "MathGame" */ = {
			isa = XCConfigurationList;
			buildConfigurations = (
				6E1F6FCF24563676002F0DFA /* Debug */,
				6E1F6FD024563676002F0DFA /* Release */,
			);
			defaultConfigurationIsVisible = 0;
			defaultConfigurationName = Release;
		};
		6E1F6FD124563676002F0DFA /* Build configuration list for PBXNativeTarget "MathGameTests" */ = {
			isa = XCConfigurationList;
			buildConfigurations = (
				6E1F6FD224563676002F0DFA /* Debug */,
				6E1F6FD324563676002F0DFA /* Release */,
			);
			defaultConfigurationIsVisible = 0;
			defaultConfigurationName = Release;
		};
/* End XCConfigurationList section */
	};
	rootObject = 6E1F6FA724563674002F0DFA /* Project object */;
}
